
Microsoft Visual Studio Solution File, Format Version 12.00
# Visual Studio Version 17
VisualStudioVersion = 17.8.34330.188
MinimumVisualStudioVersion = 10.0.40219.1
Project("{FAE04EC0-301F-11D3-BF4B-00C04F79EFBC}") = "ArithmeticQuiz", "ArithmeticQuiz\ArithmeticQuiz.csproj", "{C2836BE9-CB00-4D34-9BD7-C2CBBA5B3AAD}"
EndProject
Global
	GlobalSection(SolutionConfigurationPlatforms) = preSolution
		Debug|Any CPU = Debug|Any CPU
		Release|Any CPU = Release|Any CPU
	EndGlobalSection
	GlobalSection(ProjectConfigurationPlatforms) = postSolution
		{C2836BE9-CB00-4D34-9BD7-C2CBBA5B3AAD}.Debug|Any CPU.ActiveCfg = Debug|Any CPU
		{C2836BE9-CB00-4D34-9BD7-C2CBBA5B3AAD}.Debug|Any CPU.Build.0 = Debug|Any CPU
		{C2836BE9-CB00-4D34-9BD7-C2CBBA5B3AAD}.Release|Any CPU.ActiveCfg = Release|Any CPU
		{C2836BE9-CB00-4D34-9BD7-C2CBBA5B3AAD}.Release|Any CPU.Build.0 = Release|Any CPU
	EndGlobalSection
	GlobalSection(SolutionProperties) = preSolution
		HideSolutionNode = FALSE
	EndGlobalSection
	GlobalSection(ExtensibilityGlobals) = postSolution
		SolutionGuid = {F55D167D-B271-451A-81B0-2D22CC998380}
	EndGlobalSection
EndGlobal
